{
  "nodes": {
    "nixpkgs": {
      "locked": {
        "lastModified": 1748175879,
        "narHash": "sha256-gjLqPVIV6/ANZJDgNCu9/14GjcvZxmqSauKg5VRrYfE=",
        "owner": "nixos",
        "repo": "nixpkgs",
        "rev": "5cd89fe182e8c4d7a36cfbdee1e41d89368081a1",
        "type": "github"
      },
      "original": {
        "owner": "nixos",
        "ref": "release-25.05",
        "repo": "nixpkgs",
        "type": "github"
      }
    },
    "nixpkgs-24_11": {
      "locked": {
        "lastModified": 1748156602,
        "narHash": "sha256-/hWn3zOBVJzHS3AbcZO/kf4tgpfzsHVAkjucy+y05Lg=",
        "owner": "nixos",
        "repo": "nixpkgs",
        "rev": "80fb562f11be908d2e286df23b7659d6898a153a",
        "type": "github"
      },
      "original": {
        "owner": "nixos",
        "ref": "release-24.11",
        "repo": "nixpkgs",
        "type": "github"
      }
    },
    "root": {
      "inputs": {
        "nixpkgs": "nixpkgs",
        "nixpkgs-24_11": "nixpkgs-24_11"
      }
    }
  },
  "root": "root",
  "version": 7
}
