{
  "nodes": {
    "nixpkgs": {
      "locked": {
        "lastModified": 1748175879,
        "narHash": "sha256-gjLqPVIV6/ANZJDgNCu9/14GjcvZxmqSauKg5VRrYfE=",
        "owner": "nixos",
        "repo": "nixpkgs",
        "rev": "5cd89fe182e8c4d7a36cfbdee1e41d89368081a1",
        "type": "github"
      },
      "original": {
        "owner": "nixos",
        "ref": "release-25.05",
        "repo": "nixpkgs",
        "type": "github"
      }
    },
    "root": {
      "inputs": {
        "nixpkgs": "nixpkgs"
      }
    }
  },
  "root": "root",
  "version": 7
}
