{
  "nodes": {
    "nixpkgs": {
      "locked": {
        "lastModified": 1748180551,
        "narHash": "sha256-8+J6JpkHmV/9nLf9AnWP3+yxNphtUrg4TPnth6VLF6Y=",
        "owner": "nixos",
        "repo": "nixpkgs",
        "rev": "4916bbfc9789f2e76ae02d45b8afd2b405959db2",
        "type": "github"
      },
      "original": {
        "owner": "nixos",
        "ref": "release-25.05",
        "repo": "nixpkgs",
        "type": "github"
      }
    },
    "root": {
      "inputs": {
        "nixpkgs": "nixpkgs"
      }
    }
  },
  "root": "root",
  "version": 7
}
